
Microsoft Visual Studio Solution File, Format Version 12.00
# Visual Studio 15
VisualStudioVersion = 15.0.28307.1401
MinimumVisualStudioVersion = 10.0.40219.1
Project("{2150E333-8FDC-42A3-9474-1A3956D46DE8}") = "src", "src", "{5C993484-E354-4878-90F8-321DF5465FCC}"
EndProject
Project("{FAE04EC0-301F-11D3-BF4B-00C04F79EFBC}") = "AzureWorkshopExercise", "src\AzureWorkshopExercise\AzureWorkshopExercise.csproj", "{24B52F08-D27B-4CDB-B8DE-A895062886CB}"
EndProject
Global
	GlobalSection(SolutionConfigurationPlatforms) = preSolution
		Debug|Any CPU = Debug|Any CPU
		Release|Any CPU = Release|Any CPU
	EndGlobalSection
	GlobalSection(ProjectConfigurationPlatforms) = postSolution
		{24B52F08-D27B-4CDB-B8DE-A895062886CB}.Debug|Any CPU.ActiveCfg = Debug|Any CPU
		{24B52F08-D27B-4CDB-B8DE-A895062886CB}.Debug|Any CPU.Build.0 = Debug|Any CPU
		{24B52F08-D27B-4CDB-B8DE-A895062886CB}.Release|Any CPU.ActiveCfg = Release|Any CPU
		{24B52F08-D27B-4CDB-B8DE-A895062886CB}.Release|Any CPU.Build.0 = Release|Any CPU
	EndGlobalSection
	GlobalSection(SolutionProperties) = preSolution
		HideSolutionNode = FALSE
	EndGlobalSection
	GlobalSection(NestedProjects) = preSolution
		{24B52F08-D27B-4CDB-B8DE-A895062886CB} = {5C993484-E354-4878-90F8-321DF5465FCC}
	EndGlobalSection
	GlobalSection(ExtensibilityGlobals) = postSolution
		SolutionGuid = {844797E8-3045-4957-B301-216887D842B4}
	EndGlobalSection
EndGlobal
